// !$*UTF8*$!
{
	archiveVersion = 1;
	classes = {
	};
	objectVersion = 50;
	objects = {

/* Begin PBXBuildFile section */
		B2CC88E32653F5D400725B32 /* LoginPageCustomCurveApp.swift in Sources */ = {isa = PBXBuildFile; fileRef = B2CC88E22653F5D400725B32 /* LoginPageCustomCurveApp.swift */; };
		B2CC88E52653F5D400725B32 /* ContentView.swift in Sources */ = {isa = PBXBuildFile; fileRef = B2CC88E42653F5D400725B32 /* ContentView.swift */; };
		B2CC88E72653F5D600725B32 /* Assets.xcassets in Resources */ = {isa = PBXBuildFile; fileRef = B2CC88E62653F5D600725B32 /* Assets.xcassets */; };
		B2CC88EA2653F5D600725B32 /* Preview Assets.xcassets in Resources */ = {isa = PBXBuildFile; fileRef = B2CC88E92653F5D600725B32 /* Preview Assets.xcassets */; };
		B2CC88F52653F5D600725B32 /* LoginPageCustomCurveTests.swift in Sources */ = {isa = PBXBuildFile; fileRef = B2CC88F42653F5D600725B32 /* LoginPageCustomCurveTests.swift */; };
		B2CC89002653F5D600725B32 /* LoginPageCustomCurveUITests.swift in Sources */ = {isa = PBXBuildFile; fileRef = B2CC88FF2653F5D600725B32 /* LoginPageCustomCurveUITests.swift */; };
/* End PBXBuildFile section */

/* Begin PBXContainerItemProxy section */
		B2CC88F12653F5D600725B32 /* PBXContainerItemProxy */ = {
			isa = PBXContainerItemProxy;
			containerPortal = B2CC88D72653F5D400725B32 /* Project object */;
			proxyType = 1;
			remoteGlobalIDString = B2CC88DE2653F5D400725B32;
			remoteInfo = LoginPageCustomCurve;
		};
		B2CC88FC2653F5D600725B32 /* PBXContainerItemProxy */ = {
			isa = PBXContainerItemProxy;
			containerPortal = B2CC88D72653F5D400725B32 /* Project object */;
			proxyType = 1;
			remoteGlobalIDString = B2CC88DE2653F5D400725B32;
			remoteInfo = LoginPageCustomCurve;
		};
/* End PBXContainerItemProxy section */

/* Begin PBXFileReference section */
		B2CC88DF2653F5D400725B32 /* LoginPageCustomCurve.app */ = {isa = PBXFileReference; explicitFileType = wrapper.application; includeInIndex = 0; path = LoginPageCustomCurve.app; sourceTree = BUILT_PRODUCTS_DIR; };
		B2CC88E22653F5D400725B32 /* LoginPageCustomCurveApp.swift */ = {isa = PBXFileReference; lastKnownFileType = sourcecode.swift; path = LoginPageCustomCurveApp.swift; sourceTree = "<group>"; };
		B2CC88E42653F5D400725B32 /* ContentView.swift */ = {isa = PBXFileReference; lastKnownFileType = sourcecode.swift; path = ContentView.swift; sourceTree = "<group>"; };
		B2CC88E62653F5D600725B32 /* Assets.xcassets */ = {isa = PBXFileReference; lastKnownFileType = folder.assetcatalog; path = Assets.xcassets; sourceTree = "<group>"; };
		B2CC88E92653F5D600725B32 /* Preview Assets.xcassets */ = {isa = PBXFileReference; lastKnownFileType = folder.assetcatalog; path = "Preview Assets.xcassets"; sourceTree = "<group>"; };
		B2CC88EB2653F5D600725B32 /* Info.plist */ = {isa = PBXFileReference; lastKnownFileType = text.plist.xml; path = Info.plist; sourceTree = "<group>"; };
		B2CC88F02653F5D600725B32 /* LoginPageCustomCurveTests.xctest */ = {isa = PBXFileReference; explicitFileType = wrapper.cfbundle; includeInIndex = 0; path = LoginPageCustomCurveTests.xctest; sourceTree = BUILT_PRODUCTS_DIR; };
		B2CC88F42653F5D600725B32 /* LoginPageCustomCurveTests.swift */ = {isa = PBXFileReference; lastKnownFileType = sourcecode.swift; path = LoginPageCustomCurveTests.swift; sourceTree = "<group>"; };
		B2CC88F62653F5D600725B32 /* Info.plist */ = {isa = PBXFileReference; lastKnownFileType = text.plist.xml; path = Info.plist; sourceTree = "<group>"; };
		B2CC88FB2653F5D600725B32 /* LoginPageCustomCurveUITests.xctest */ = {isa = PBXFileReference; explicitFileType = wrapper.cfbundle; includeInIndex = 0; path = LoginPageCustomCurveUITests.xctest; sourceTree = BUILT_PRODUCTS_DIR; };
		B2CC88FF2653F5D600725B32 /* LoginPageCustomCurveUITests.swift */ = {isa = PBXFileReference; lastKnownFileType = sourcecode.swift; path = LoginPageCustomCurveUITests.swift; sourceTree = "<group>"; };
		B2CC89012653F5D600725B32 /* Info.plist */ = {isa = PBXFileReference; lastKnownFileType = text.plist.xml; path = Info.plist; sourceTree = "<group>"; };
/* End PBXFileReference section */

/* Begin PBXFrameworksBuildPhase section */
		B2CC88DC2653F5D400725B32 /* Frameworks */ = {
			isa = PBXFrameworksBuildPhase;
			buildActionMask = 2147483647;
			files = (
			);
			runOnlyForDeploymentPostprocessing = 0;
		};
		B2CC88ED2653F5D600725B32 /* Frameworks */ = {
			isa = PBXFrameworksBuildPhase;
			buildActionMask = 2147483647;
			files = (
			);
			runOnlyForDeploymentPostprocessing = 0;
		};
		B2CC88F82653F5D600725B32 /* Frameworks */ = {
			isa = PBXFrameworksBuildPhase;
			buildActionMask = 2147483647;
			files = (
			);
			runOnlyForDeploymentPostprocessing = 0;
		};
/* End PBXFrameworksBuildPhase section */

/* Begin PBXGroup section */
		B2CC88D62653F5D400725B32 = {
			isa = PBXGroup;
			children = (
				B2CC88E12653F5D400725B32 /* LoginPageCustomCurve */,
				B2CC88F32653F5D600725B32 /* LoginPageCustomCurveTests */,
				B2CC88FE2653F5D600725B32 /* LoginPageCustomCurveUITests */,
				B2CC88E02653F5D400725B32 /* Products */,
			);
			sourceTree = "<group>";
		};
		B2CC88E02653F5D400725B32 /* Products */ = {
			isa = PBXGroup;
			children = (
				B2CC88DF2653F5D400725B32 /* LoginPageCustomCurve.app */,
				B2CC88F02653F5D600725B32 /* LoginPageCustomCurveTests.xctest */,
				B2CC88FB2653F5D600725B32 /* LoginPageCustomCurveUITests.xctest */,
			);
			name = Products;
			sourceTree = "<group>";
		};
		B2CC88E12653F5D400725B32 /* LoginPageCustomCurve */ = {
			isa = PBXGroup;
			children = (
				B2CC88E22653F5D400725B32 /* LoginPageCustomCurveApp.swift */,
				B2CC88E42653F5D400725B32 /* ContentView.swift */,
				B2CC88E62653F5D600725B32 /* Assets.xcassets */,
				B2CC88EB2653F5D600725B32 /* Info.plist */,
				B2CC88E82653F5D600725B32 /* Preview Content */,
			);
			path = LoginPageCustomCurve;
			sourceTree = "<group>";
		};
		B2CC88E82653F5D600725B32 /* Preview Content */ = {
			isa = PBXGroup;
			children = (
				B2CC88E92653F5D600725B32 /* Preview Assets.xcassets */,
			);
			path = "Preview Content";
			sourceTree = "<group>";
		};
		B2CC88F32653F5D600725B32 /* LoginPageCustomCurveTests */ = {
			isa = PBXGroup;
			children = (
				B2CC88F42653F5D600725B32 /* LoginPageCustomCurveTests.swift */,
				B2CC88F62653F5D600725B32 /* Info.plist */,
			);
			path = LoginPageCustomCurveTests;
			sourceTree = "<group>";
		};
		B2CC88FE2653F5D600725B32 /* LoginPageCustomCurveUITests */ = {
			isa = PBXGroup;
			children = (
				B2CC88FF2653F5D600725B32 /* LoginPageCustomCurveUITests.swift */,
				B2CC89012653F5D600725B32 /* Info.plist */,
			);
			path = LoginPageCustomCurveUITests;
			sourceTree = "<group>";
		};
/* End PBXGroup section */

/* Begin PBXNativeTarget section */
		B2CC88DE2653F5D400725B32 /* LoginPageCustomCurve */ = {
			isa = PBXNativeTarget;
			buildConfigurationList = B2CC89042653F5D600725B32 /* Build configuration list for PBXNativeTarget "LoginPageCustomCurve" */;
			buildPhases = (
				B2CC88DB2653F5D400725B32 /* Sources */,
				B2CC88DC2653F5D400725B32 /* Frameworks */,
				B2CC88DD2653F5D400725B32 /* Resources */,
			);
			buildRules = (
			);
			dependencies = (
			);
			name = LoginPageCustomCurve;
			productName = LoginPageCustomCurve;
			productReference = B2CC88DF2653F5D400725B32 /* LoginPageCustomCurve.app */;
			productType = "com.apple.product-type.application";
		};
		B2CC88EF2653F5D600725B32 /* LoginPageCustomCurveTests */ = {
			isa = PBXNativeTarget;
			buildConfigurationList = B2CC89072653F5D600725B32 /* Build configuration list for PBXNativeTarget "LoginPageCustomCurveTests" */;
			buildPhases = (
				B2CC88EC2653F5D600725B32 /* Sources */,
				B2CC88ED2653F5D600725B32 /* Frameworks */,
				B2CC88EE2653F5D600725B32 /* Resources */,
			);
			buildRules = (
			);
			dependencies = (
				B2CC88F22653F5D600725B32 /* PBXTargetDependency */,
			);
			name = LoginPageCustomCurveTests;
			productName = LoginPageCustomCurveTests;
			productReference = B2CC88F02653F5D600725B32 /* LoginPageCustomCurveTests.xctest */;
			productType = "com.apple.product-type.bundle.unit-test";
		};
		B2CC88FA2653F5D600725B32 /* LoginPageCustomCurveUITests */ = {
			isa = PBXNativeTarget;
			buildConfigurationList = B2CC890A2653F5D600725B32 /* Build configuration list for PBXNativeTarget "LoginPageCustomCurveUITests" */;
			buildPhases = (
				B2CC88F72653F5D600725B32 /* Sources */,
				B2CC88F82653F5D600725B32 /* Frameworks */,
				B2CC88F92653F5D600725B32 /* Resources */,
			);
			buildRules = (
			);
			dependencies = (
				B2CC88FD2653F5D600725B32 /* PBXTargetDependency */,
			);
			name = LoginPageCustomCurveUITests;
			productName = LoginPageCustomCurveUITests;
			productReference = B2CC88FB2653F5D600725B32 /* LoginPageCustomCurveUITests.xctest */;
			productType = "com.apple.product-type.bundle.ui-testing";
		};
/* End PBXNativeTarget section */

/* Begin PBXProject section */
		B2CC88D72653F5D400725B32 /* Project object */ = {
			isa = PBXProject;
			attributes = {
				LastSwiftUpdateCheck = 1250;
				LastUpgradeCheck = 1250;
				TargetAttributes = {
					B2CC88DE2653F5D400725B32 = {
						CreatedOnToolsVersion = 12.5;
					};
					B2CC88EF2653F5D600725B32 = {
						CreatedOnToolsVersion = 12.5;
						TestTargetID = B2CC88DE2653F5D400725B32;
					};
					B2CC88FA2653F5D600725B32 = {
						CreatedOnToolsVersion = 12.5;
						TestTargetID = B2CC88DE2653F5D400725B32;
					};
				};
			};
			buildConfigurationList = B2CC88DA2653F5D400725B32 /* Build configuration list for PBXProject "LoginPageCustomCurve" */;
			compatibilityVersion = "Xcode 9.3";
			developmentRegion = en;
			hasScannedForEncodings = 0;
			knownRegions = (
				en,
				Base,
			);
			mainGroup = B2CC88D62653F5D400725B32;
			productRefGroup = B2CC88E02653F5D400725B32 /* Products */;
			projectDirPath = "";
			projectRoot = "";
			targets = (
				B2CC88DE2653F5D400725B32 /* LoginPageCustomCurve */,
				B2CC88EF2653F5D600725B32 /* LoginPageCustomCurveTests */,
				B2CC88FA2653F5D600725B32 /* LoginPageCustomCurveUITests */,
			);
		};
/* End PBXProject section */

/* Begin PBXResourcesBuildPhase section */
		B2CC88DD2653F5D400725B32 /* Resources */ = {
			isa = PBXResourcesBuildPhase;
			buildActionMask = 2147483647;
			files = (
				B2CC88EA2653F5D600725B32 /* Preview Assets.xcassets in Resources */,
				B2CC88E72653F5D600725B32 /* Assets.xcassets in Resources */,
			);
			runOnlyForDeploymentPostprocessing = 0;
		};
		B2CC88EE2653F5D600725B32 /* Resources */ = {
			isa = PBXResourcesBuildPhase;
			buildActionMask = 2147483647;
			files = (
			);
			runOnlyForDeploymentPostprocessing = 0;
		};
		B2CC88F92653F5D600725B32 /* Resources */ = {
			isa = PBXResourcesBuildPhase;
			buildActionMask = 2147483647;
			files = (
			);
			runOnlyForDeploymentPostprocessing = 0;
		};
/* End PBXResourcesBuildPhase section */

/* Begin PBXSourcesBuildPhase section */
		B2CC88DB2653F5D400725B32 /* Sources */ = {
			isa = PBXSourcesBuildPhase;
			buildActionMask = 2147483647;
			files = (
				B2CC88E52653F5D400725B32 /* ContentView.swift in Sources */,
				B2CC88E32653F5D400725B32 /* LoginPageCustomCurveApp.swift in Sources */,
			);
			runOnlyForDeploymentPostprocessing = 0;
		};
		B2CC88EC2653F5D600725B32 /* Sources */ = {
			isa = PBXSourcesBuildPhase;
			buildActionMask = 2147483647;
			files = (
				B2CC88F52653F5D600725B32 /* LoginPageCustomCurveTests.swift in Sources */,
			);
			runOnlyForDeploymentPostprocessing = 0;
		};
		B2CC88F72653F5D600725B32 /* Sources */ = {
			isa = PBXSourcesBuildPhase;
			buildActionMask = 2147483647;
			files = (
				B2CC89002653F5D600725B32 /* LoginPageCustomCurveUITests.swift in Sources */,
			);
			runOnlyForDeploymentPostprocessing = 0;
		};
/* End PBXSourcesBuildPhase section */

/* Begin PBXTargetDependency section */
		B2CC88F22653F5D600725B32 /* PBXTargetDependency */ = {
			isa = PBXTargetDependency;
			target = B2CC88DE2653F5D400725B32 /* LoginPageCustomCurve */;
			targetProxy = B2CC88F12653F5D600725B32 /* PBXContainerItemProxy */;
		};
		B2CC88FD2653F5D600725B32 /* PBXTargetDependency */ = {
			isa = PBXTargetDependency;
			target = B2CC88DE2653F5D400725B32 /* LoginPageCustomCurve */;
			targetProxy = B2CC88FC2653F5D600725B32 /* PBXContainerItemProxy */;
		};
/* End PBXTargetDependency section */

/* Begin XCBuildConfiguration section */
		B2CC89022653F5D600725B32 /* Debug */ = {
			isa = XCBuildConfiguration;
			buildSettings = {
				ALWAYS_SEARCH_USER_PATHS = NO;
				CLANG_ANALYZER_NONNULL = YES;
				CLANG_ANALYZER_NUMBER_OBJECT_CONVERSION = YES_AGGRESSIVE;
				CLANG_CXX_LANGUAGE_STANDARD = "gnu++14";
				CLANG_CXX_LIBRARY = "libc++";
				CLANG_ENABLE_MODULES = YES;
				CLANG_ENABLE_OBJC_ARC = YES;
				CLANG_ENABLE_OBJC_WEAK = YES;
				CLANG_WARN_BLOCK_CAPTURE_AUTORELEASING = YES;
				CLANG_WARN_BOOL_CONVERSION = YES;
				CLANG_WARN_COMMA = YES;
				CLANG_WARN_CONSTANT_CONVERSION = YES;
				CLANG_WARN_DEPRECATED_OBJC_IMPLEMENTATIONS = YES;
				CLANG_WARN_DIRECT_OBJC_ISA_USAGE = YES_ERROR;
				CLANG_WARN_DOCUMENTATION_COMMENTS = YES;
				CLANG_WARN_EMPTY_BODY = YES;
				CLANG_WARN_ENUM_CONVERSION = YES;
				CLANG_WARN_INFINITE_RECURSION = YES;
				CLANG_WARN_INT_CONVERSION = YES;
				CLANG_WARN_NON_LITERAL_NULL_CONVERSION = YES;
				CLANG_WARN_OBJC_IMPLICIT_RETAIN_SELF = YES;
				CLANG_WARN_OBJC_LITERAL_CONVERSION = YES;
				CLANG_WARN_OBJC_ROOT_CLASS = YES_ERROR;
				CLANG_WARN_QUOTED_INCLUDE_IN_FRAMEWORK_HEADER = YES;
				CLANG_WARN_RANGE_LOOP_ANALYSIS = YES;
				CLANG_WARN_STRICT_PROTOTYPES = YES;
				CLANG_WARN_SUSPICIOUS_MOVE = YES;
				CLANG_WARN_UNGUARDED_AVAILABILITY = YES_AGGRESSIVE;
				CLANG_WARN_UNREACHABLE_CODE = YES;
				CLANG_WARN__DUPLICATE_METHOD_MATCH = YES;
				COPY_PHASE_STRIP = NO;
				DEBUG_INFORMATION_FORMAT = dwarf;
				ENABLE_STRICT_OBJC_MSGSEND = YES;
				ENABLE_TESTABILITY = YES;
				GCC_C_LANGUAGE_STANDARD = gnu11;
				GCC_DYNAMIC_NO_PIC = NO;
				GCC_NO_COMMON_BLOCKS = YES;
				GCC_OPTIMIZATION_LEVEL = 0;
				GCC_PREPROCESSOR_DEFINITIONS = (
					"DEBUG=1",
					"$(inherited)",
				);
				GCC_WARN_64_TO_32_BIT_CONVERSION = YES;
				GCC_WARN_ABOUT_RETURN_TYPE = YES_ERROR;
				GCC_WARN_UNDECLARED_SELECTOR = YES;
				GCC_WARN_UNINITIALIZED_AUTOS = YES_AGGRESSIVE;
				GCC_WARN_UNUSED_FUNCTION = YES;
				GCC_WARN_UNUSED_VARIABLE = YES;
				IPHONEOS_DEPLOYMENT_TARGET = 14.5;
				MTL_ENABLE_DEBUG_INFO = INCLUDE_SOURCE;
				MTL_FAST_MATH = YES;
				ONLY_ACTIVE_ARCH = YES;
				SDKROOT = iphoneos;
				SWIFT_ACTIVE_COMPILATION_CONDITIONS = DEBUG;
				SWIFT_OPTIMIZATION_LEVEL = "-Onone";
			};
			name = Debug;
		};
		B2CC89032653F5D600725B32 /* Release */ = {
			isa = XCBuildConfiguration;
			buildSettings = {
				ALWAYS_SEARCH_USER_PATHS = NO;
				CLANG_ANALYZER_NONNULL = YES;
				CLANG_ANALYZER_NUMBER_OBJECT_CONVERSION = YES_AGGRESSIVE;
				CLANG_CXX_LANGUAGE_STANDARD = "gnu++14";
				CLANG_CXX_LIBRARY = "libc++";
				CLANG_ENABLE_MODULES = YES;
				CLANG_ENABLE_OBJC_ARC = YES;
				CLANG_ENABLE_OBJC_WEAK = YES;
				CLANG_WARN_BLOCK_CAPTURE_AUTORELEASING = YES;
				CLANG_WARN_BOOL_CONVERSION = YES;
				CLANG_WARN_COMMA = YES;
				CLANG_WARN_CONSTANT_CONVERSION = YES;
				CLANG_WARN_DEPRECATED_OBJC_IMPLEMENTATIONS = YES;
				CLANG_WARN_DIRECT_OBJC_ISA_USAGE = YES_ERROR;
				CLANG_WARN_DOCUMENTATION_COMMENTS = YES;
				CLANG_WARN_EMPTY_BODY = YES;
				CLANG_WARN_ENUM_CONVERSION = YES;
				CLANG_WARN_INFINITE_RECURSION = YES;
				CLANG_WARN_INT_CONVERSION = YES;
				CLANG_WARN_NON_LITERAL_NULL_CONVERSION = YES;
				CLANG_WARN_OBJC_IMPLICIT_RETAIN_SELF = YES;
				CLANG_WARN_OBJC_LITERAL_CONVERSION = YES;
				CLANG_WARN_OBJC_ROOT_CLASS = YES_ERROR;
				CLANG_WARN_QUOTED_INCLUDE_IN_FRAMEWORK_HEADER = YES;
				CLANG_WARN_RANGE_LOOP_ANALYSIS = YES;
				CLANG_WARN_STRICT_PROTOTYPES = YES;
				CLANG_WARN_SUSPICIOUS_MOVE = YES;
				CLANG_WARN_UNGUARDED_AVAILABILITY = YES_AGGRESSIVE;
				CLANG_WARN_UNREACHABLE_CODE = YES;
				CLANG_WARN__DUPLICATE_METHOD_MATCH = YES;
				COPY_PHASE_STRIP = NO;
				DEBUG_INFORMATION_FORMAT = "dwarf-with-dsym";
				ENABLE_NS_ASSERTIONS = NO;
				ENABLE_STRICT_OBJC_MSGSEND = YES;
				GCC_C_LANGUAGE_STANDARD = gnu11;
				GCC_NO_COMMON_BLOCKS = YES;
				GCC_WARN_64_TO_32_BIT_CONVERSION = YES;
				GCC_WARN_ABOUT_RETURN_TYPE = YES_ERROR;
				GCC_WARN_UNDECLARED_SELECTOR = YES;
				GCC_WARN_UNINITIALIZED_AUTOS = YES_AGGRESSIVE;
				GCC_WARN_UNUSED_FUNCTION = YES;
				GCC_WARN_UNUSED_VARIABLE = YES;
				IPHONEOS_DEPLOYMENT_TARGET = 14.5;
				MTL_ENABLE_DEBUG_INFO = NO;
				MTL_FAST_MATH = YES;
				SDKROOT = iphoneos;
				SWIFT_COMPILATION_MODE = wholemodule;
				SWIFT_OPTIMIZATION_LEVEL = "-O";
				VALIDATE_PRODUCT = YES;
			};
			name = Release;
		};
		B2CC89052653F5D600725B32 /* Debug */ = {
			isa = XCBuildConfiguration;
			buildSettings = {
				ASSETCATALOG_COMPILER_APPICON_NAME = AppIcon;
				ASSETCATALOG_COMPILER_GLOBAL_ACCENT_COLOR_NAME = AccentColor;
				CODE_SIGN_STYLE = Automatic;
				DEVELOPMENT_ASSET_PATHS = "\"LoginPageCustomCurve/Preview Content\"";
				ENABLE_PREVIEWS = YES;
				INFOPLIST_FILE = LoginPageCustomCurve/Info.plist;
				IPHONEOS_DEPLOYMENT_TARGET = 14.0;
				LD_RUNPATH_SEARCH_PATHS = (
					"$(inherited)",
					"@executable_path/Frameworks",
				);
				PRODUCT_BUNDLE_IDENTIFIER = com.neha.LoginPageCustomCurve;
				PRODUCT_NAME = "$(TARGET_NAME)";
				SWIFT_VERSION = 5.0;
				TARGETED_DEVICE_FAMILY = "1,2";
			};
			name = Debug;
		};
		B2CC89062653F5D600725B32 /* Release */ = {
			isa = XCBuildConfiguration;
			buildSettings = {
				ASSETCATALOG_COMPILER_APPICON_NAME = AppIcon;
				ASSETCATALOG_COMPILER_GLOBAL_ACCENT_COLOR_NAME = AccentColor;
				CODE_SIGN_STYLE = Automatic;
				DEVELOPMENT_ASSET_PATHS = "\"LoginPageCustomCurve/Preview Content\"";
				ENABLE_PREVIEWS = YES;
				INFOPLIST_FILE = LoginPageCustomCurve/Info.plist;
				IPHONEOS_DEPLOYMENT_TARGET = 14.0;
				LD_RUNPATH_SEARCH_PATHS = (
					"$(inherited)",
					"@executable_path/Frameworks",
				);
				PRODUCT_BUNDLE_IDENTIFIER = com.neha.LoginPageCustomCurve;
				PRODUCT_NAME = "$(TARGET_NAME)";
				SWIFT_VERSION = 5.0;
				TARGETED_DEVICE_FAMILY = "1,2";
			};
			name = Release;
		};
		B2CC89082653F5D600725B32 /* Debug */ = {
			isa = XCBuildConfiguration;
			buildSettings = {
				ALWAYS_EMBED_SWIFT_STANDARD_LIBRARIES = YES;
				BUNDLE_LOADER = "$(TEST_HOST)";
				CODE_SIGN_STYLE = Automatic;
				INFOPLIST_FILE = LoginPageCustomCurveTests/Info.plist;
				IPHONEOS_DEPLOYMENT_TARGET = 14.0;
				LD_RUNPATH_SEARCH_PATHS = (
					"$(inherited)",
					"@executable_path/Frameworks",
					"@loader_path/Frameworks",
				);
				PRODUCT_BUNDLE_IDENTIFIER = com.neha.LoginPageCustomCurveTests;
				PRODUCT_NAME = "$(TARGET_NAME)";
				SWIFT_VERSION = 5.0;
				TARGETED_DEVICE_FAMILY = "1,2";
				TEST_HOST = "$(BUILT_PRODUCTS_DIR)/LoginPageCustomCurve.app/LoginPageCustomCurve";
			};
			name = Debug;
		};
		B2CC89092653F5D600725B32 /* Release */ = {
			isa = XCBuildConfiguration;
			buildSettings = {
				ALWAYS_EMBED_SWIFT_STANDARD_LIBRARIES = YES;
				BUNDLE_LOADER = "$(TEST_HOST)";
				CODE_SIGN_STYLE = Automatic;
				INFOPLIST_FILE = LoginPageCustomCurveTests/Info.plist;
				IPHONEOS_DEPLOYMENT_TARGET = 14.0;
				LD_RUNPATH_SEARCH_PATHS = (
					"$(inherited)",
					"@executable_path/Frameworks",
					"@loader_path/Frameworks",
				);
				PRODUCT_BUNDLE_IDENTIFIER = com.neha.LoginPageCustomCurveTests;
				PRODUCT_NAME = "$(TARGET_NAME)";
				SWIFT_VERSION = 5.0;
				TARGETED_DEVICE_FAMILY = "1,2";
				TEST_HOST = "$(BUILT_PRODUCTS_DIR)/LoginPageCustomCurve.app/LoginPageCustomCurve";
			};
			name = Release;
		};
		B2CC890B2653F5D600725B32 /* Debug */ = {
			isa = XCBuildConfiguration;
			buildSettings = {
				ALWAYS_EMBED_SWIFT_STANDARD_LIBRARIES = YES;
				CODE_SIGN_STYLE = Automatic;
				INFOPLIST_FILE = LoginPageCustomCurveUITests/Info.plist;
				LD_RUNPATH_SEARCH_PATHS = (
					"$(inherited)",
					"@executable_path/Frameworks",
					"@loader_path/Frameworks",
				);
				PRODUCT_BUNDLE_IDENTIFIER = com.neha.LoginPageCustomCurveUITests;
				PRODUCT_NAME = "$(TARGET_NAME)";
				SWIFT_VERSION = 5.0;
				TARGETED_DEVICE_FAMILY = "1,2";
				TEST_TARGET_NAME = LoginPageCustomCurve;
			};
			name = Debug;
		};
		B2CC890C2653F5D600725B32 /* Release */ = {
			isa = XCBuildConfiguration;
			buildSettings = {
				ALWAYS_EMBED_SWIFT_STANDARD_LIBRARIES = YES;
				CODE_SIGN_STYLE = Automatic;
				INFOPLIST_FILE = LoginPageCustomCurveUITests/Info.plist;
				LD_RUNPATH_SEARCH_PATHS = (
					"$(inherited)",
					"@executable_path/Frameworks",
					"@loader_path/Frameworks",
				);
				PRODUCT_BUNDLE_IDENTIFIER = com.neha.LoginPageCustomCurveUITests;
				PRODUCT_NAME = "$(TARGET_NAME)";
				SWIFT_VERSION = 5.0;
				TARGETED_DEVICE_FAMILY = "1,2";
				TEST_TARGET_NAME = LoginPageCustomCurve;
			};
			name = Release;
		};
/* End XCBuildConfiguration section */

/* Begin XCConfigurationList section */
		B2CC88DA2653F5D400725B32 /* Build configuration list for PBXProject "LoginPageCustomCurve" */ = {
			isa = XCConfigurationList;
			buildConfigurations = (
				B2CC89022653F5D600725B32 /* Debug */,
				B2CC89032653F5D600725B32 /* Release */,
			);
			defaultConfigurationIsVisible = 0;
			defaultConfigurationName = Release;
		};
		B2CC89042653F5D600725B32 /* Build configuration list for PBXNativeTarget "LoginPageCustomCurve" */ = {
			isa = XCConfigurationList;
			buildConfigurations = (
				B2CC89052653F5D600725B32 /* Debug */,
				B2CC89062653F5D600725B32 /* Release */,
			);
			defaultConfigurationIsVisible = 0;
			defaultConfigurationName = Release;
		};
		B2CC89072653F5D600725B32 /* Build configuration list for PBXNativeTarget "LoginPageCustomCurveTests" */ = {
			isa = XCConfigurationList;
			buildConfigurations = (
				B2CC89082653F5D600725B32 /* Debug */,
				B2CC89092653F5D600725B32 /* Release */,
			);
			defaultConfigurationIsVisible = 0;
			defaultConfigurationName = Release;
		};
		B2CC890A2653F5D600725B32 /* Build configuration list for PBXNativeTarget "LoginPageCustomCurveUITests" */ = {
			isa = XCConfigurationList;
			buildConfigurations = (
				B2CC890B2653F5D600725B32 /* Debug */,
				B2CC890C2653F5D600725B32 /* Release */,
			);
			defaultConfigurationIsVisible = 0;
			defaultConfigurationName = Release;
		};
/* End XCConfigurationList section */
	};
	rootObject = B2CC88D72653F5D400725B32 /* Project object */;
}
